
Microsoft Visual Studio Solution File, Format Version 12.00
# Visual Studio Version 17
VisualStudioVersion = 17.5.2.0
MinimumVisualStudioVersion = 10.0.40219.1
Project("{2150E333-8FDC-42A3-9474-1A3956D46DE8}") = "src", "src", "{827E0CD3-B72D-47B6-A68D-7590B98EB39B}"
EndProject
Project("{FAE04EC0-301F-11D3-BF4B-00C04F79EFBC}") = "InvoiceApi", "src\InvoiceApi\InvoiceApi.csproj", "{D4167991-ED94-41DD-AA14-1C359D692348}"
EndProject
Project("{2150E333-8FDC-42A3-9474-1A3956D46DE8}") = "tests", "tests", "{0AB3BF05-4346-4AA6-1389-037BE0695223}"
EndProject
Project("{FAE04EC0-301F-11D3-BF4B-00C04F79EFBC}") = "InvoiceApi.Tests", "tests\InvoiceApi.Tests\InvoiceApi.Tests.csproj", "{887B9CC5-99DF-45CE-99B3-4DEC0AA0E032}"
EndProject
Global
	GlobalSection(SolutionConfigurationPlatforms) = preSolution
		Debug|Any CPU = Debug|Any CPU
		Debug|x64 = Debug|x64
		Debug|x86 = Debug|x86
		Release|Any CPU = Release|Any CPU
		Release|x64 = Release|x64
		Release|x86 = Release|x86
	EndGlobalSection
	GlobalSection(ProjectConfigurationPlatforms) = postSolution
		{D4167991-ED94-41DD-AA14-1C359D692348}.Debug|Any CPU.ActiveCfg = Debug|Any CPU
		{D4167991-ED94-41DD-AA14-1C359D692348}.Debug|Any CPU.Build.0 = Debug|Any CPU
		{D4167991-ED94-41DD-AA14-1C359D692348}.Debug|x64.ActiveCfg = Debug|Any CPU
		{D4167991-ED94-41DD-AA14-1C359D692348}.Debug|x64.Build.0 = Debug|Any CPU
		{D4167991-ED94-41DD-AA14-1C359D692348}.Debug|x86.ActiveCfg = Debug|Any CPU
		{D4167991-ED94-41DD-AA14-1C359D692348}.Debug|x86.Build.0 = Debug|Any CPU
		{D4167991-ED94-41DD-AA14-1C359D692348}.Release|Any CPU.ActiveCfg = Release|Any CPU
		{D4167991-ED94-41DD-AA14-1C359D692348}.Release|Any CPU.Build.0 = Release|Any CPU
		{D4167991-ED94-41DD-AA14-1C359D692348}.Release|x64.ActiveCfg = Release|Any CPU
		{D4167991-ED94-41DD-AA14-1C359D692348}.Release|x64.Build.0 = Release|Any CPU
		{D4167991-ED94-41DD-AA14-1C359D692348}.Release|x86.ActiveCfg = Release|Any CPU
		{D4167991-ED94-41DD-AA14-1C359D692348}.Release|x86.Build.0 = Release|Any CPU
		{887B9CC5-99DF-45CE-99B3-4DEC0AA0E032}.Debug|Any CPU.ActiveCfg = Debug|Any CPU
		{887B9CC5-99DF-45CE-99B3-4DEC0AA0E032}.Debug|Any CPU.Build.0 = Debug|Any CPU
		{887B9CC5-99DF-45CE-99B3-4DEC0AA0E032}.Debug|x64.ActiveCfg = Debug|Any CPU
		{887B9CC5-99DF-45CE-99B3-4DEC0AA0E032}.Debug|x64.Build.0 = Debug|Any CPU
		{887B9CC5-99DF-45CE-99B3-4DEC0AA0E032}.Debug|x86.ActiveCfg = Debug|Any CPU
		{887B9CC5-99DF-45CE-99B3-4DEC0AA0E032}.Debug|x86.Build.0 = Debug|Any CPU
		{887B9CC5-99DF-45CE-99B3-4DEC0AA0E032}.Release|Any CPU.ActiveCfg = Release|Any CPU
		{887B9CC5-99DF-45CE-99B3-4DEC0AA0E032}.Release|Any CPU.Build.0 = Release|Any CPU
		{887B9CC5-99DF-45CE-99B3-4DEC0AA0E032}.Release|x64.ActiveCfg = Release|Any CPU
		{887B9CC5-99DF-45CE-99B3-4DEC0AA0E032}.Release|x64.Build.0 = Release|Any CPU
		{887B9CC5-99DF-45CE-99B3-4DEC0AA0E032}.Release|x86.ActiveCfg = Release|Any CPU
		{887B9CC5-99DF-45CE-99B3-4DEC0AA0E032}.Release|x86.Build.0 = Release|Any CPU
	EndGlobalSection
	GlobalSection(SolutionProperties) = preSolution
		HideSolutionNode = FALSE
	EndGlobalSection
	GlobalSection(NestedProjects) = preSolution
		{D4167991-ED94-41DD-AA14-1C359D692348} = {827E0CD3-B72D-47B6-A68D-7590B98EB39B}
		{887B9CC5-99DF-45CE-99B3-4DEC0AA0E032} = {0AB3BF05-4346-4AA6-1389-037BE0695223}
	EndGlobalSection
	GlobalSection(ExtensibilityGlobals) = postSolution
		SolutionGuid = {241A71C7-9A86-418C-99C8-C4B4440A8EAD}
	EndGlobalSection
EndGlobal
